
Microsoft Visual Studio Solution File, Format Version 12.00
# Visual Studio 2015
Project("{FAE04EC0-301F-11D3-BF4B-00C04F79EFBC}") = "velocity_!.CSharp", "velocity_!.CSharp.csproj", "{72791E14-B5AF-589F-649D-0FB385978DD3}"
EndProject
Global
	GlobalSection(SolutionConfigurationPlatforms) = preSolution
		Debug|Any CPU = Debug|Any CPU
		Release|Any CPU = Release|Any CPU
	EndGlobalSection
	GlobalSection(ProjectConfigurationPlatforms) = postSolution
		{72791E14-B5AF-589F-649D-0FB385978DD3}.Debug|Any CPU.ActiveCfg = Debug|Any CPU
		{72791E14-B5AF-589F-649D-0FB385978DD3}.Debug|Any CPU.Build.0 = Debug|Any CPU
		{72791E14-B5AF-589F-649D-0FB385978DD3}.Release|Any CPU.ActiveCfg = Release|Any CPU
		{72791E14-B5AF-589F-649D-0FB385978DD3}.Release|Any CPU.Build.0 = Release|Any CPU
	EndGlobalSection
	GlobalSection(SolutionProperties) = preSolution
		HideSolutionNode = FALSE
	EndGlobalSection
EndGlobal
